// !$*UTF8*$!
{
	archiveVersion = 1;
	classes = {
	};
	objectVersion = 46;
	objects = {

/* Begin PBXBuildFile section */
		116B3C641C6477880052E864 /* main.m in Sources */ = {isa = PBXBuildFile; fileRef = 116B3C631C6477880052E864 /* main.m */; };
		116B3C671C6477880052E864 /* AppDelegate.m in Sources */ = {isa = PBXBuildFile; fileRef = 116B3C661C6477880052E864 /* AppDelegate.m */; };
		116B3C6D1C6477880052E864 /* Main.storyboard in Resources */ = {isa = PBXBuildFile; fileRef = 116B3C6B1C6477880052E864 /* Main.storyboard */; };
		116B3C6F1C6477880052E864 /* Assets.xcassets in Resources */ = {isa = PBXBuildFile; fileRef = 116B3C6E1C6477880052E864 /* Assets.xcassets */; };
		116B3C721C6477880052E864 /* LaunchScreen.storyboard in Resources */ = {isa = PBXBuildFile; fileRef = 116B3C701C6477880052E864 /* LaunchScreen.storyboard */; };
		1174D0711C65C64500A837B1 /* TestViewController.m in Sources */ = {isa = PBXBuildFile; fileRef = 1174D0701C65C64500A837B1 /* TestViewController.m */; };
		1174D0751C65C66E00A837B1 /* TestViewController1.m in Sources */ = {isa = PBXBuildFile; fileRef = 1174D0731C65C66E00A837B1 /* TestViewController1.m */; };
		1174D0761C65C66E00A837B1 /* TestViewController1.xib in Resources */ = {isa = PBXBuildFile; fileRef = 1174D0741C65C66E00A837B1 /* TestViewController1.xib */; };
		1174D0791C65C6CF00A837B1 /* TestViewController2.m in Sources */ = {isa = PBXBuildFile; fileRef = 1174D0781C65C6CF00A837B1 /* TestViewController2.m */; };
		1174D07C1C65CAC700A837B1 /* NSObject+D3.m in Sources */ = {isa = PBXBuildFile; fileRef = 1174D07B1C65CAC700A837B1 /* NSObject+D3.m */; };
		1174D0851C65DEE000A837B1 /* WebViewJavascriptBridge.js.txt in Resources */ = {isa = PBXBuildFile; fileRef = 1174D07F1C65DEE000A837B1 /* WebViewJavascriptBridge.js.txt */; };
		1174D0861C65DEE000A837B1 /* WebViewJavascriptBridge.m in Sources */ = {isa = PBXBuildFile; fileRef = 1174D0801C65DEE000A837B1 /* WebViewJavascriptBridge.m */; };
		1174D0871C65DEE000A837B1 /* WebViewJavascriptBridgeBase.m in Sources */ = {isa = PBXBuildFile; fileRef = 1174D0821C65DEE000A837B1 /* WebViewJavascriptBridgeBase.m */; };
		1174D0881C65DEE000A837B1 /* WKWebViewJavascriptBridge.m in Sources */ = {isa = PBXBuildFile; fileRef = 1174D0841C65DEE000A837B1 /* WKWebViewJavascriptBridge.m */; };
		11871C251C647F5E00319104 /* D3Generator.m in Sources */ = {isa = PBXBuildFile; fileRef = 11871C241C647F5E00319104 /* D3Generator.m */; };
		11871C2A1C6483C300319104 /* ExampleApp.html in Resources */ = {isa = PBXBuildFile; fileRef = 11871C291C6483C300319104 /* ExampleApp.html */; };
		11871C431C64ABE100319104 /* WebViewController.m in Sources */ = {isa = PBXBuildFile; fileRef = 11871C421C64ABE100319104 /* WebViewController.m */; };
/* End PBXBuildFile section */

/* Begin PBXFileReference section */
		116B3C5F1C6477880052E864 /* D3Generator.app */ = {isa = PBXFileReference; explicitFileType = wrapper.application; includeInIndex = 0; path = D3Generator.app; sourceTree = BUILT_PRODUCTS_DIR; };
		116B3C631C6477880052E864 /* main.m */ = {isa = PBXFileReference; lastKnownFileType = sourcecode.c.objc; path = main.m; sourceTree = "<group>"; };
		116B3C651C6477880052E864 /* AppDelegate.h */ = {isa = PBXFileReference; lastKnownFileType = sourcecode.c.h; path = AppDelegate.h; sourceTree = "<group>"; };
		116B3C661C6477880052E864 /* AppDelegate.m */ = {isa = PBXFileReference; lastKnownFileType = sourcecode.c.objc; path = AppDelegate.m; sourceTree = "<group>"; };
		116B3C6C1C6477880052E864 /* Base */ = {isa = PBXFileReference; lastKnownFileType = file.storyboard; name = Base; path = Base.lproj/Main.storyboard; sourceTree = "<group>"; };
		116B3C6E1C6477880052E864 /* Assets.xcassets */ = {isa = PBXFileReference; lastKnownFileType = folder.assetcatalog; path = Assets.xcassets; sourceTree = "<group>"; };
		116B3C711C6477880052E864 /* Base */ = {isa = PBXFileReference; lastKnownFileType = file.storyboard; name = Base; path = Base.lproj/LaunchScreen.storyboard; sourceTree = "<group>"; };
		116B3C731C6477880052E864 /* Info.plist */ = {isa = PBXFileReference; lastKnownFileType = text.plist.xml; path = Info.plist; sourceTree = "<group>"; };
		1174D06F1C65C64500A837B1 /* TestViewController.h */ = {isa = PBXFileReference; fileEncoding = 4; lastKnownFileType = sourcecode.c.h; path = TestViewController.h; sourceTree = "<group>"; };
		1174D0701C65C64500A837B1 /* TestViewController.m */ = {isa = PBXFileReference; fileEncoding = 4; lastKnownFileType = sourcecode.c.objc; path = TestViewController.m; sourceTree = "<group>"; };
		1174D0721C65C66E00A837B1 /* TestViewController1.h */ = {isa = PBXFileReference; fileEncoding = 4; lastKnownFileType = sourcecode.c.h; path = TestViewController1.h; sourceTree = "<group>"; };
		1174D0731C65C66E00A837B1 /* TestViewController1.m */ = {isa = PBXFileReference; fileEncoding = 4; lastKnownFileType = sourcecode.c.objc; path = TestViewController1.m; sourceTree = "<group>"; };
		1174D0741C65C66E00A837B1 /* TestViewController1.xib */ = {isa = PBXFileReference; fileEncoding = 4; lastKnownFileType = file.xib; path = TestViewController1.xib; sourceTree = "<group>"; };
		1174D0771C65C6CF00A837B1 /* TestViewController2.h */ = {isa = PBXFileReference; fileEncoding = 4; lastKnownFileType = sourcecode.c.h; path = TestViewController2.h; sourceTree = "<group>"; };
		1174D0781C65C6CF00A837B1 /* TestViewController2.m */ = {isa = PBXFileReference; fileEncoding = 4; lastKnownFileType = sourcecode.c.objc; path = TestViewController2.m; sourceTree = "<group>"; };
		1174D07A1C65CAC700A837B1 /* NSObject+D3.h */ = {isa = PBXFileReference; fileEncoding = 4; lastKnownFileType = sourcecode.c.h; path = "NSObject+D3.h"; sourceTree = "<group>"; };
		1174D07B1C65CAC700A837B1 /* NSObject+D3.m */ = {isa = PBXFileReference; fileEncoding = 4; lastKnownFileType = sourcecode.c.objc; path = "NSObject+D3.m"; sourceTree = "<group>"; };
		1174D07E1C65DEE000A837B1 /* WebViewJavascriptBridge.h */ = {isa = PBXFileReference; fileEncoding = 4; lastKnownFileType = sourcecode.c.h; path = WebViewJavascriptBridge.h; sourceTree = "<group>"; };
		1174D07F1C65DEE000A837B1 /* WebViewJavascriptBridge.js.txt */ = {isa = PBXFileReference; fileEncoding = 4; lastKnownFileType = text; path = WebViewJavascriptBridge.js.txt; sourceTree = "<group>"; };
		1174D0801C65DEE000A837B1 /* WebViewJavascriptBridge.m */ = {isa = PBXFileReference; fileEncoding = 4; lastKnownFileType = sourcecode.c.objc; path = WebViewJavascriptBridge.m; sourceTree = "<group>"; };
		1174D0811C65DEE000A837B1 /* WebViewJavascriptBridgeBase.h */ = {isa = PBXFileReference; fileEncoding = 4; lastKnownFileType = sourcecode.c.h; path = WebViewJavascriptBridgeBase.h; sourceTree = "<group>"; };
		1174D0821C65DEE000A837B1 /* WebViewJavascriptBridgeBase.m */ = {isa = PBXFileReference; fileEncoding = 4; lastKnownFileType = sourcecode.c.objc; path = WebViewJavascriptBridgeBase.m; sourceTree = "<group>"; };
		1174D0831C65DEE000A837B1 /* WKWebViewJavascriptBridge.h */ = {isa = PBXFileReference; fileEncoding = 4; lastKnownFileType = sourcecode.c.h; path = WKWebViewJavascriptBridge.h; sourceTree = "<group>"; };
		1174D0841C65DEE000A837B1 /* WKWebViewJavascriptBridge.m */ = {isa = PBXFileReference; fileEncoding = 4; lastKnownFileType = sourcecode.c.objc; path = WKWebViewJavascriptBridge.m; sourceTree = "<group>"; };
		11871C231C647F5E00319104 /* D3Generator.h */ = {isa = PBXFileReference; fileEncoding = 4; lastKnownFileType = sourcecode.c.h; path = D3Generator.h; sourceTree = "<group>"; };
		11871C241C647F5E00319104 /* D3Generator.m */ = {isa = PBXFileReference; fileEncoding = 4; lastKnownFileType = sourcecode.c.objc; path = D3Generator.m; sourceTree = "<group>"; };
		11871C291C6483C300319104 /* ExampleApp.html */ = {isa = PBXFileReference; fileEncoding = 4; lastKnownFileType = text.html; path = ExampleApp.html; sourceTree = "<group>"; };
		11871C411C64ABE100319104 /* WebViewController.h */ = {isa = PBXFileReference; fileEncoding = 4; lastKnownFileType = sourcecode.c.h; path = WebViewController.h; sourceTree = "<group>"; };
		11871C421C64ABE100319104 /* WebViewController.m */ = {isa = PBXFileReference; fileEncoding = 4; lastKnownFileType = sourcecode.c.objc; path = WebViewController.m; sourceTree = "<group>"; };
/* End PBXFileReference section */

/* Begin PBXFrameworksBuildPhase section */
		116B3C5C1C6477880052E864 /* Frameworks */ = {
			isa = PBXFrameworksBuildPhase;
			buildActionMask = 2147483647;
			files = (
			);
			runOnlyForDeploymentPostprocessing = 0;
		};
/* End PBXFrameworksBuildPhase section */

/* Begin PBXGroup section */
		116B3C561C6477880052E864 = {
			isa = PBXGroup;
			children = (
				116B3C611C6477880052E864 /* D3Generator */,
				116B3C601C6477880052E864 /* Products */,
			);
			sourceTree = "<group>";
		};
		116B3C601C6477880052E864 /* Products */ = {
			isa = PBXGroup;
			children = (
				116B3C5F1C6477880052E864 /* D3Generator.app */,
			);
			name = Products;
			sourceTree = "<group>";
		};
		116B3C611C6477880052E864 /* D3Generator */ = {
			isa = PBXGroup;
			children = (
				11871C221C647F5E00319104 /* D3Generator */,
				11871C291C6483C300319104 /* ExampleApp.html */,
				1174D06E1C65C61900A837B1 /* TestViewController */,
				116B3C651C6477880052E864 /* AppDelegate.h */,
				116B3C661C6477880052E864 /* AppDelegate.m */,
				11871C411C64ABE100319104 /* WebViewController.h */,
				11871C421C64ABE100319104 /* WebViewController.m */,
				116B3C6B1C6477880052E864 /* Main.storyboard */,
				116B3C6E1C6477880052E864 /* Assets.xcassets */,
				116B3C701C6477880052E864 /* LaunchScreen.storyboard */,
				116B3C731C6477880052E864 /* Info.plist */,
				116B3C621C6477880052E864 /* Supporting Files */,
			);
			path = D3Generator;
			sourceTree = "<group>";
		};
		116B3C621C6477880052E864 /* Supporting Files */ = {
			isa = PBXGroup;
			children = (
				116B3C631C6477880052E864 /* main.m */,
			);
			name = "Supporting Files";
			sourceTree = "<group>";
		};
		1174D06E1C65C61900A837B1 /* TestViewController */ = {
			isa = PBXGroup;
			children = (
				1174D06F1C65C64500A837B1 /* TestViewController.h */,
				1174D0701C65C64500A837B1 /* TestViewController.m */,
				1174D0721C65C66E00A837B1 /* TestViewController1.h */,
				1174D0731C65C66E00A837B1 /* TestViewController1.m */,
				1174D0741C65C66E00A837B1 /* TestViewController1.xib */,
				1174D0771C65C6CF00A837B1 /* TestViewController2.h */,
				1174D0781C65C6CF00A837B1 /* TestViewController2.m */,
			);
			name = TestViewController;
			sourceTree = "<group>";
		};
		1174D07D1C65DEE000A837B1 /* WebViewJavascriptBridge */ = {
			isa = PBXGroup;
			children = (
				1174D07E1C65DEE000A837B1 /* WebViewJavascriptBridge.h */,
				1174D07F1C65DEE000A837B1 /* WebViewJavascriptBridge.js.txt */,
				1174D0801C65DEE000A837B1 /* WebViewJavascriptBridge.m */,
				1174D0811C65DEE000A837B1 /* WebViewJavascriptBridgeBase.h */,
				1174D0821C65DEE000A837B1 /* WebViewJavascriptBridgeBase.m */,
				1174D0831C65DEE000A837B1 /* WKWebViewJavascriptBridge.h */,
				1174D0841C65DEE000A837B1 /* WKWebViewJavascriptBridge.m */,
			);
			path = WebViewJavascriptBridge;
			sourceTree = "<group>";
		};
		11871C221C647F5E00319104 /* D3Generator */ = {
			isa = PBXGroup;
			children = (
				1174D07D1C65DEE000A837B1 /* WebViewJavascriptBridge */,
				11871C231C647F5E00319104 /* D3Generator.h */,
				11871C241C647F5E00319104 /* D3Generator.m */,
				1174D07A1C65CAC700A837B1 /* NSObject+D3.h */,
				1174D07B1C65CAC700A837B1 /* NSObject+D3.m */,
			);
			path = D3Generator;
			sourceTree = "<group>";
		};
/* End PBXGroup section */

/* Begin PBXNativeTarget section */
		116B3C5E1C6477880052E864 /* D3Generator */ = {
			isa = PBXNativeTarget;
			buildConfigurationList = 116B3C761C6477880052E864 /* Build configuration list for PBXNativeTarget "D3Generator" */;
			buildPhases = (
				116B3C5B1C6477880052E864 /* Sources */,
				116B3C5C1C6477880052E864 /* Frameworks */,
				116B3C5D1C6477880052E864 /* Resources */,
			);
			buildRules = (
			);
			dependencies = (
			);
			name = D3Generator;
			productName = D3Generator;
			productReference = 116B3C5F1C6477880052E864 /* D3Generator.app */;
			productType = "com.apple.product-type.application";
		};
/* End PBXNativeTarget section */

/* Begin PBXProject section */
		116B3C571C6477880052E864 /* Project object */ = {
			isa = PBXProject;
			attributes = {
				LastUpgradeCheck = 0720;
				ORGANIZATIONNAME = "莫振华";
				TargetAttributes = {
					116B3C5E1C6477880052E864 = {
						CreatedOnToolsVersion = 7.2;
					};
				};
			};
			buildConfigurationList = 116B3C5A1C6477880052E864 /* Build configuration list for PBXProject "D3Generator" */;
			compatibilityVersion = "Xcode 3.2";
			developmentRegion = English;
			hasScannedForEncodings = 0;
			knownRegions = (
				en,
				Base,
			);
			mainGroup = 116B3C561C6477880052E864;
			productRefGroup = 116B3C601C6477880052E864 /* Products */;
			projectDirPath = "";
			projectRoot = "";
			targets = (
				116B3C5E1C6477880052E864 /* D3Generator */,
			);
		};
/* End PBXProject section */

/* Begin PBXResourcesBuildPhase section */
		116B3C5D1C6477880052E864 /* Resources */ = {
			isa = PBXResourcesBuildPhase;
			buildActionMask = 2147483647;
			files = (
				116B3C721C6477880052E864 /* LaunchScreen.storyboard in Resources */,
				116B3C6F1C6477880052E864 /* Assets.xcassets in Resources */,
				1174D0851C65DEE000A837B1 /* WebViewJavascriptBridge.js.txt in Resources */,
				1174D0761C65C66E00A837B1 /* TestViewController1.xib in Resources */,
				116B3C6D1C6477880052E864 /* Main.storyboard in Resources */,
				11871C2A1C6483C300319104 /* ExampleApp.html in Resources */,
			);
			runOnlyForDeploymentPostprocessing = 0;
		};
/* End PBXResourcesBuildPhase section */

/* Begin PBXSourcesBuildPhase section */
		116B3C5B1C6477880052E864 /* Sources */ = {
			isa = PBXSourcesBuildPhase;
			buildActionMask = 2147483647;
			files = (
				1174D0751C65C66E00A837B1 /* TestViewController1.m in Sources */,
				1174D0861C65DEE000A837B1 /* WebViewJavascriptBridge.m in Sources */,
				11871C431C64ABE100319104 /* WebViewController.m in Sources */,
				1174D07C1C65CAC700A837B1 /* NSObject+D3.m in Sources */,
				1174D0881C65DEE000A837B1 /* WKWebViewJavascriptBridge.m in Sources */,
				1174D0871C65DEE000A837B1 /* WebViewJavascriptBridgeBase.m in Sources */,
				116B3C671C6477880052E864 /* AppDelegate.m in Sources */,
				1174D0791C65C6CF00A837B1 /* TestViewController2.m in Sources */,
				1174D0711C65C64500A837B1 /* TestViewController.m in Sources */,
				11871C251C647F5E00319104 /* D3Generator.m in Sources */,
				116B3C641C6477880052E864 /* main.m in Sources */,
			);
			runOnlyForDeploymentPostprocessing = 0;
		};
/* End PBXSourcesBuildPhase section */

/* Begin PBXVariantGroup section */
		116B3C6B1C6477880052E864 /* Main.storyboard */ = {
			isa = PBXVariantGroup;
			children = (
				116B3C6C1C6477880052E864 /* Base */,
			);
			name = Main.storyboard;
			sourceTree = "<group>";
		};
		116B3C701C6477880052E864 /* LaunchScreen.storyboard */ = {
			isa = PBXVariantGroup;
			children = (
				116B3C711C6477880052E864 /* Base */,
			);
			name = LaunchScreen.storyboard;
			sourceTree = "<group>";
		};
/* End PBXVariantGroup section */

/* Begin XCBuildConfiguration section */
		116B3C741C6477880052E864 /* Debug */ = {
			isa = XCBuildConfiguration;
			buildSettings = {
				ALWAYS_SEARCH_USER_PATHS = NO;
				CLANG_CXX_LANGUAGE_STANDARD = "gnu++0x";
				CLANG_CXX_LIBRARY = "libc++";
				CLANG_ENABLE_MODULES = YES;
				CLANG_ENABLE_OBJC_ARC = YES;
				CLANG_WARN_BOOL_CONVERSION = YES;
				CLANG_WARN_CONSTANT_CONVERSION = YES;
				CLANG_WARN_DIRECT_OBJC_ISA_USAGE = YES_ERROR;
				CLANG_WARN_EMPTY_BODY = YES;
				CLANG_WARN_ENUM_CONVERSION = YES;
				CLANG_WARN_INT_CONVERSION = YES;
				CLANG_WARN_OBJC_ROOT_CLASS = YES_ERROR;
				CLANG_WARN_UNREACHABLE_CODE = YES;
				CLANG_WARN__DUPLICATE_METHOD_MATCH = YES;
				"CODE_SIGN_IDENTITY[sdk=iphoneos*]" = "iPhone Developer";
				COPY_PHASE_STRIP = NO;
				DEBUG_INFORMATION_FORMAT = dwarf;
				ENABLE_STRICT_OBJC_MSGSEND = YES;
				ENABLE_TESTABILITY = YES;
				GCC_C_LANGUAGE_STANDARD = gnu99;
				GCC_DYNAMIC_NO_PIC = NO;
				GCC_NO_COMMON_BLOCKS = YES;
				GCC_OPTIMIZATION_LEVEL = 0;
				GCC_PREPROCESSOR_DEFINITIONS = (
					"DEBUG=1",
					"$(inherited)",
				);
				GCC_WARN_64_TO_32_BIT_CONVERSION = YES;
				GCC_WARN_ABOUT_RETURN_TYPE = YES_ERROR;
				GCC_WARN_UNDECLARED_SELECTOR = YES;
				GCC_WARN_UNINITIALIZED_AUTOS = YES_AGGRESSIVE;
				GCC_WARN_UNUSED_FUNCTION = YES;
				GCC_WARN_UNUSED_VARIABLE = YES;
				IPHONEOS_DEPLOYMENT_TARGET = 9.2;
				MTL_ENABLE_DEBUG_INFO = YES;
				ONLY_ACTIVE_ARCH = YES;
				SDKROOT = iphoneos;
			};
			name = Debug;
		};
		116B3C751C6477880052E864 /* Release */ = {
			isa = XCBuildConfiguration;
			buildSettings = {
				ALWAYS_SEARCH_USER_PATHS = NO;
				CLANG_CXX_LANGUAGE_STANDARD = "gnu++0x";
				CLANG_CXX_LIBRARY = "libc++";
				CLANG_ENABLE_MODULES = YES;
				CLANG_ENABLE_OBJC_ARC = YES;
				CLANG_WARN_BOOL_CONVERSION = YES;
				CLANG_WARN_CONSTANT_CONVERSION = YES;
				CLANG_WARN_DIRECT_OBJC_ISA_USAGE = YES_ERROR;
				CLANG_WARN_EMPTY_BODY = YES;
				CLANG_WARN_ENUM_CONVERSION = YES;
				CLANG_WARN_INT_CONVERSION = YES;
				CLANG_WARN_OBJC_ROOT_CLASS = YES_ERROR;
				CLANG_WARN_UNREACHABLE_CODE = YES;
				CLANG_WARN__DUPLICATE_METHOD_MATCH = YES;
				"CODE_SIGN_IDENTITY[sdk=iphoneos*]" = "iPhone Developer";
				COPY_PHASE_STRIP = NO;
				DEBUG_INFORMATION_FORMAT = "dwarf-with-dsym";
				ENABLE_NS_ASSERTIONS = NO;
				ENABLE_STRICT_OBJC_MSGSEND = YES;
				GCC_C_LANGUAGE_STANDARD = gnu99;
				GCC_NO_COMMON_BLOCKS = YES;
				GCC_WARN_64_TO_32_BIT_CONVERSION = YES;
				GCC_WARN_ABOUT_RETURN_TYPE = YES_ERROR;
				GCC_WARN_UNDECLARED_SELECTOR = YES;
				GCC_WARN_UNINITIALIZED_AUTOS = YES_AGGRESSIVE;
				GCC_WARN_UNUSED_FUNCTION = YES;
				GCC_WARN_UNUSED_VARIABLE = YES;
				IPHONEOS_DEPLOYMENT_TARGET = 9.2;
				MTL_ENABLE_DEBUG_INFO = NO;
				SDKROOT = iphoneos;
				VALIDATE_PRODUCT = YES;
			};
			name = Release;
		};
		116B3C771C6477880052E864 /* Debug */ = {
			isa = XCBuildConfiguration;
			buildSettings = {
				ASSETCATALOG_COMPILER_APPICON_NAME = AppIcon;
				INFOPLIST_FILE = D3Generator/Info.plist;
				IPHONEOS_DEPLOYMENT_TARGET = 7.0;
				LD_RUNPATH_SEARCH_PATHS = "$(inherited) @executable_path/Frameworks";
				PRODUCT_BUNDLE_IDENTIFIER = com.d3.D3Generator;
				PRODUCT_NAME = "$(TARGET_NAME)";
			};
			name = Debug;
		};
		116B3C781C6477880052E864 /* Release */ = {
			isa = XCBuildConfiguration;
			buildSettings = {
				ASSETCATALOG_COMPILER_APPICON_NAME = AppIcon;
				INFOPLIST_FILE = D3Generator/Info.plist;
				IPHONEOS_DEPLOYMENT_TARGET = 7.0;
				LD_RUNPATH_SEARCH_PATHS = "$(inherited) @executable_path/Frameworks";
				PRODUCT_BUNDLE_IDENTIFIER = com.d3.D3Generator;
				PRODUCT_NAME = "$(TARGET_NAME)";
			};
			name = Release;
		};
/* End XCBuildConfiguration section */

/* Begin XCConfigurationList section */
		116B3C5A1C6477880052E864 /* Build configuration list for PBXProject "D3Generator" */ = {
			isa = XCConfigurationList;
			buildConfigurations = (
				116B3C741C6477880052E864 /* Debug */,
				116B3C751C6477880052E864 /* Release */,
			);
			defaultConfigurationIsVisible = 0;
			defaultConfigurationName = Release;
		};
		116B3C761C6477880052E864 /* Build configuration list for PBXNativeTarget "D3Generator" */ = {
			isa = XCConfigurationList;
			buildConfigurations = (
				116B3C771C6477880052E864 /* Debug */,
				116B3C781C6477880052E864 /* Release */,
			);
			defaultConfigurationIsVisible = 0;
			defaultConfigurationName = Release;
		};
/* End XCConfigurationList section */
	};
	rootObject = 116B3C571C6477880052E864 /* Project object */;
}
